# This file was autogenerated by Stack.
# You should not edit this file by hand.
# For more information, please see the documentation at:
#   https://docs.haskellstack.org/en/stable/lock_files

packages:
- completed:
    hackage: hasbolt-extras-0.0.1.9@sha256:945f9c0cfdffa85888ad6459da9addf96230b9ab175cb25f9fb0d888c7dc7ee6,3954
    pantry-tree:
      size: 2573
      sha256: 617475e48578a5cff8ba538d109e240efba87a95d1c07e437d3f375f62fb52d0
  original:
    hackage: hasbolt-extras-0.0.1.9
snapshots:
- completed:
    size: 619163
    url: https://raw.githubusercontent.com/commercialhaskell/stackage-snapshots/master/lts/19/16.yaml
    sha256: a27a5761890ade44d7dd21a5f5f93c87e60b9c063655fff835d69dd1071474f0
  original:
    url: https://raw.githubusercontent.com/commercialhaskell/stackage-snapshots/master/lts/19/16.yaml
